
Microsoft Visual Studio Solution File, Format Version 12.00
# Visual Studio Version 16
VisualStudioVersion = 16.0.31129.286
MinimumVisualStudioVersion = 10.0.40219.1
Project("{9A19103F-16F7-4668-BE54-9A1E7A4F7556}") = "Diakok", "Diakok\Diakok.csproj", "{EA534635-75DB-4D5B-A9B7-D0801B0918A9}"
EndProject
Global
	GlobalSection(SolutionConfigurationPlatforms) = preSolution
		Debug|Any CPU = Debug|Any CPU
		Release|Any CPU = Release|Any CPU
	EndGlobalSection
	GlobalSection(ProjectConfigurationPlatforms) = postSolution
		{EA534635-75DB-4D5B-A9B7-D0801B0918A9}.Debug|Any CPU.ActiveCfg = Debug|Any CPU
		{EA534635-75DB-4D5B-A9B7-D0801B0918A9}.Debug|Any CPU.Build.0 = Debug|Any CPU
		{EA534635-75DB-4D5B-A9B7-D0801B0918A9}.Release|Any CPU.ActiveCfg = Release|Any CPU
		{EA534635-75DB-4D5B-A9B7-D0801B0918A9}.Release|Any CPU.Build.0 = Release|Any CPU
	EndGlobalSection
	GlobalSection(SolutionProperties) = preSolution
		HideSolutionNode = FALSE
	EndGlobalSection
	GlobalSection(ExtensibilityGlobals) = postSolution
		SolutionGuid = {A40CC57D-0083-4B62-AF37-5A2CA7F6EA0E}
	EndGlobalSection
EndGlobal
